
Microsoft Visual Studio Solution File, Format Version 12.00
# Visual Studio Version 16
VisualStudioVersion = 16.0.30907.101
MinimumVisualStudioVersion = 10.0.40219.1
Project("{FAE04EC0-301F-11D3-BF4B-00C04F79EFBC}") = "haushaltsbuch", "haushaltsbuch\haushaltsbuch.csproj", "{7DF7DCD9-15C9-4F4D-8A2B-5E7E695C2EDA}"
EndProject
Global
	GlobalSection(SolutionConfigurationPlatforms) = preSolution
		Debug|Any CPU = Debug|Any CPU
		Release|Any CPU = Release|Any CPU
	EndGlobalSection
	GlobalSection(ProjectConfigurationPlatforms) = postSolution
		{7DF7DCD9-15C9-4F4D-8A2B-5E7E695C2EDA}.Debug|Any CPU.ActiveCfg = Debug|Any CPU
		{7DF7DCD9-15C9-4F4D-8A2B-5E7E695C2EDA}.Debug|Any CPU.Build.0 = Debug|Any CPU
		{7DF7DCD9-15C9-4F4D-8A2B-5E7E695C2EDA}.Release|Any CPU.ActiveCfg = Release|Any CPU
		{7DF7DCD9-15C9-4F4D-8A2B-5E7E695C2EDA}.Release|Any CPU.Build.0 = Release|Any CPU
	EndGlobalSection
	GlobalSection(SolutionProperties) = preSolution
		HideSolutionNode = FALSE
	EndGlobalSection
	GlobalSection(ExtensibilityGlobals) = postSolution
		SolutionGuid = {ED45F0DF-696B-49D3-828A-3876BA1BD64C}
	EndGlobalSection
EndGlobal
